
Microsoft Visual Studio Solution File, Format Version 12.00
# Visual Studio 15
VisualStudioVersion = 15.0.28010.2046
MinimumVisualStudioVersion = 10.0.40219.1
Project("{FAE04EC0-301F-11D3-BF4B-00C04F79EFBC}") = "WindowsFormsApp7", "WindowsFormsApp7\WindowsFormsApp7.csproj", "{398C774C-2AAB-4717-B144-0BB3BE77073E}"
EndProject
Global
	GlobalSection(SolutionConfigurationPlatforms) = preSolution
		Debug|Any CPU = Debug|Any CPU
		Release|Any CPU = Release|Any CPU
	EndGlobalSection
	GlobalSection(ProjectConfigurationPlatforms) = postSolution
		{398C774C-2AAB-4717-B144-0BB3BE77073E}.Debug|Any CPU.ActiveCfg = Debug|Any CPU
		{398C774C-2AAB-4717-B144-0BB3BE77073E}.Debug|Any CPU.Build.0 = Debug|Any CPU
		{398C774C-2AAB-4717-B144-0BB3BE77073E}.Release|Any CPU.ActiveCfg = Release|Any CPU
		{398C774C-2AAB-4717-B144-0BB3BE77073E}.Release|Any CPU.Build.0 = Release|Any CPU
	EndGlobalSection
	GlobalSection(SolutionProperties) = preSolution
		HideSolutionNode = FALSE
	EndGlobalSection
	GlobalSection(ExtensibilityGlobals) = postSolution
		SolutionGuid = {75B7C951-ABA1-4C50-B88A-785C318B9B22}
	EndGlobalSection
EndGlobal
